
Microsoft Visual Studio Solution File, Format Version 12.00
# Visual Studio 15
VisualStudioVersion = 15.0.27428.1
MinimumVisualStudioVersion = 10.0.40219.1
Project("{FAE04EC0-301F-11D3-BF4B-00C04F79EFBC}") = "Server", "ConsoleApp1\Server.csproj", "{A333EA85-9494-433F-A02C-774007C9FBBF}"
EndProject
Global
	GlobalSection(SolutionConfigurationPlatforms) = preSolution
		Debug|Any CPU = Debug|Any CPU
		Release|Any CPU = Release|Any CPU
	EndGlobalSection
	GlobalSection(ProjectConfigurationPlatforms) = postSolution
		{A333EA85-9494-433F-A02C-774007C9FBBF}.Debug|Any CPU.ActiveCfg = Debug|Any CPU
		{A333EA85-9494-433F-A02C-774007C9FBBF}.Debug|Any CPU.Build.0 = Debug|Any CPU
		{A333EA85-9494-433F-A02C-774007C9FBBF}.Release|Any CPU.ActiveCfg = Release|Any CPU
		{A333EA85-9494-433F-A02C-774007C9FBBF}.Release|Any CPU.Build.0 = Release|Any CPU
	EndGlobalSection
	GlobalSection(SolutionProperties) = preSolution
		HideSolutionNode = FALSE
	EndGlobalSection
	GlobalSection(ExtensibilityGlobals) = postSolution
		SolutionGuid = {3C8EEDE1-246C-487F-88F0-09BA963716D3}
	EndGlobalSection
EndGlobal
